
Microsoft Visual Studio Solution File, Format Version 12.00
# Visual Studio Version 17
VisualStudioVersion = 17.14.36203.30 d17.14
MinimumVisualStudioVersion = 10.0.40219.1
Project("{FAE04EC0-301F-11D3-BF4B-00C04F79EFBC}") = "multitool-ui-v1", "multitool-ui-v1\multitool-ui-v1.csproj", "{EE977DF4-8AF1-4AE1-AA3E-232EA6F4B07A}"
EndProject
Global
	GlobalSection(SolutionConfigurationPlatforms) = preSolution
		Debug|Any CPU = Debug|Any CPU
		Release|Any CPU = Release|Any CPU
	EndGlobalSection
	GlobalSection(ProjectConfigurationPlatforms) = postSolution
		{EE977DF4-8AF1-4AE1-AA3E-232EA6F4B07A}.Debug|Any CPU.ActiveCfg = Debug|Any CPU
		{EE977DF4-8AF1-4AE1-AA3E-232EA6F4B07A}.Debug|Any CPU.Build.0 = Debug|Any CPU
		{EE977DF4-8AF1-4AE1-AA3E-232EA6F4B07A}.Release|Any CPU.ActiveCfg = Release|Any CPU
		{EE977DF4-8AF1-4AE1-AA3E-232EA6F4B07A}.Release|Any CPU.Build.0 = Release|Any CPU
	EndGlobalSection
	GlobalSection(SolutionProperties) = preSolution
		HideSolutionNode = FALSE
	EndGlobalSection
	GlobalSection(ExtensibilityGlobals) = postSolution
		SolutionGuid = {8054F419-81FA-403C-BBC4-6A53D0D507F4}
	EndGlobalSection
EndGlobal
